// !$*UTF8*$!
{
	archiveVersion = 1;
	classes = {
	};
	objectVersion = 50;
	objects = {

/* Begin PBXBuildFile section */
		C2BB950D236E5F14008B37F1 /* AppDelegate.swift in Sources */ = {isa = PBXBuildFile; fileRef = C2BB950C236E5F14008B37F1 /* AppDelegate.swift */; };
		C2BB950F236E5F14008B37F1 /* SceneDelegate.swift in Sources */ = {isa = PBXBuildFile; fileRef = C2BB950E236E5F14008B37F1 /* SceneDelegate.swift */; };
		C2BB9512236E5F14008B37F1 /* CoreData_from_JSON.xcdatamodeld in Sources */ = {isa = PBXBuildFile; fileRef = C2BB9510236E5F14008B37F1 /* CoreData_from_JSON.xcdatamodeld */; };
		C2BB9514236E5F14008B37F1 /* ContentView.swift in Sources */ = {isa = PBXBuildFile; fileRef = C2BB9513236E5F14008B37F1 /* ContentView.swift */; };
		C2BB9516236E5F16008B37F1 /* Assets.xcassets in Resources */ = {isa = PBXBuildFile; fileRef = C2BB9515236E5F16008B37F1 /* Assets.xcassets */; };
		C2BB9519236E5F16008B37F1 /* Preview Assets.xcassets in Resources */ = {isa = PBXBuildFile; fileRef = C2BB9518236E5F16008B37F1 /* Preview Assets.xcassets */; };
		C2BB951C236E5F16008B37F1 /* LaunchScreen.storyboard in Resources */ = {isa = PBXBuildFile; fileRef = C2BB951A236E5F16008B37F1 /* LaunchScreen.storyboard */; };
		C2BB9525236E5F64008B37F1 /* MOCK_DATA.json in Resources */ = {isa = PBXBuildFile; fileRef = C2BB9524236E5F63008B37F1 /* MOCK_DATA.json */; };
		C2BB9528236E5FC5008B37F1 /* TransferUser.swift in Sources */ = {isa = PBXBuildFile; fileRef = C2BB9527236E5FC5008B37F1 /* TransferUser.swift */; };
		C2BB952B236E606D008B37F1 /* User+CoreDataClass.swift in Sources */ = {isa = PBXBuildFile; fileRef = C2BB9529236E606D008B37F1 /* User+CoreDataClass.swift */; };
		C2BB952C236E606D008B37F1 /* User+CoreDataProperties.swift in Sources */ = {isa = PBXBuildFile; fileRef = C2BB952A236E606D008B37F1 /* User+CoreDataProperties.swift */; };
		C2BB952E236E6097008B37F1 /* Data.swift in Sources */ = {isa = PBXBuildFile; fileRef = C2BB952D236E6097008B37F1 /* Data.swift */; };
/* End PBXBuildFile section */

/* Begin PBXFileReference section */
		C2BB9509236E5F14008B37F1 /* CoreData_from_JSON.app */ = {isa = PBXFileReference; explicitFileType = wrapper.application; includeInIndex = 0; path = CoreData_from_JSON.app; sourceTree = BUILT_PRODUCTS_DIR; };
		C2BB950C236E5F14008B37F1 /* AppDelegate.swift */ = {isa = PBXFileReference; lastKnownFileType = sourcecode.swift; path = AppDelegate.swift; sourceTree = "<group>"; };
		C2BB950E236E5F14008B37F1 /* SceneDelegate.swift */ = {isa = PBXFileReference; lastKnownFileType = sourcecode.swift; path = SceneDelegate.swift; sourceTree = "<group>"; };
		C2BB9511236E5F14008B37F1 /* CoreData_from_JSON.xcdatamodel */ = {isa = PBXFileReference; lastKnownFileType = wrapper.xcdatamodel; path = CoreData_from_JSON.xcdatamodel; sourceTree = "<group>"; };
		C2BB9513236E5F14008B37F1 /* ContentView.swift */ = {isa = PBXFileReference; lastKnownFileType = sourcecode.swift; path = ContentView.swift; sourceTree = "<group>"; };
		C2BB9515236E5F16008B37F1 /* Assets.xcassets */ = {isa = PBXFileReference; lastKnownFileType = folder.assetcatalog; path = Assets.xcassets; sourceTree = "<group>"; };
		C2BB9518236E5F16008B37F1 /* Preview Assets.xcassets */ = {isa = PBXFileReference; lastKnownFileType = folder.assetcatalog; path = "Preview Assets.xcassets"; sourceTree = "<group>"; };
		C2BB951B236E5F16008B37F1 /* Base */ = {isa = PBXFileReference; lastKnownFileType = file.storyboard; name = Base; path = Base.lproj/LaunchScreen.storyboard; sourceTree = "<group>"; };
		C2BB951D236E5F16008B37F1 /* Info.plist */ = {isa = PBXFileReference; lastKnownFileType = text.plist.xml; path = Info.plist; sourceTree = "<group>"; };
		C2BB9524236E5F63008B37F1 /* MOCK_DATA.json */ = {isa = PBXFileReference; fileEncoding = 4; lastKnownFileType = text.json; path = MOCK_DATA.json; sourceTree = "<group>"; };
		C2BB9527236E5FC5008B37F1 /* TransferUser.swift */ = {isa = PBXFileReference; lastKnownFileType = sourcecode.swift; path = TransferUser.swift; sourceTree = "<group>"; };
		C2BB9529236E606D008B37F1 /* User+CoreDataClass.swift */ = {isa = PBXFileReference; lastKnownFileType = sourcecode.swift; path = "User+CoreDataClass.swift"; sourceTree = "<group>"; };
		C2BB952A236E606D008B37F1 /* User+CoreDataProperties.swift */ = {isa = PBXFileReference; lastKnownFileType = sourcecode.swift; path = "User+CoreDataProperties.swift"; sourceTree = "<group>"; };
		C2BB952D236E6097008B37F1 /* Data.swift */ = {isa = PBXFileReference; lastKnownFileType = sourcecode.swift; path = Data.swift; sourceTree = "<group>"; };
/* End PBXFileReference section */

/* Begin PBXFrameworksBuildPhase section */
		C2BB9506236E5F14008B37F1 /* Frameworks */ = {
			isa = PBXFrameworksBuildPhase;
			buildActionMask = 2147483647;
			files = (
			);
			runOnlyForDeploymentPostprocessing = 0;
		};
/* End PBXFrameworksBuildPhase section */

/* Begin PBXGroup section */
		C2BB9500236E5F14008B37F1 = {
			isa = PBXGroup;
			children = (
				C2BB950B236E5F14008B37F1 /* CoreData_from_JSON */,
				C2BB950A236E5F14008B37F1 /* Products */,
			);
			sourceTree = "<group>";
		};
		C2BB950A236E5F14008B37F1 /* Products */ = {
			isa = PBXGroup;
			children = (
				C2BB9509236E5F14008B37F1 /* CoreData_from_JSON.app */,
			);
			name = Products;
			sourceTree = "<group>";
		};
		C2BB950B236E5F14008B37F1 /* CoreData_from_JSON */ = {
			isa = PBXGroup;
			children = (
				C2BB9526236E5FA2008B37F1 /* Model */,
				C2BB9523236E5F4F008B37F1 /* Resources */,
				C2BB950C236E5F14008B37F1 /* AppDelegate.swift */,
				C2BB950E236E5F14008B37F1 /* SceneDelegate.swift */,
				C2BB9513236E5F14008B37F1 /* ContentView.swift */,
				C2BB9515236E5F16008B37F1 /* Assets.xcassets */,
				C2BB951A236E5F16008B37F1 /* LaunchScreen.storyboard */,
				C2BB951D236E5F16008B37F1 /* Info.plist */,
				C2BB9517236E5F16008B37F1 /* Preview Content */,
			);
			path = CoreData_from_JSON;
			sourceTree = "<group>";
		};
		C2BB9517236E5F16008B37F1 /* Preview Content */ = {
			isa = PBXGroup;
			children = (
				C2BB9518236E5F16008B37F1 /* Preview Assets.xcassets */,
			);
			path = "Preview Content";
			sourceTree = "<group>";
		};
		C2BB9523236E5F4F008B37F1 /* Resources */ = {
			isa = PBXGroup;
			children = (
				C2BB9524236E5F63008B37F1 /* MOCK_DATA.json */,
			);
			path = Resources;
			sourceTree = "<group>";
		};
		C2BB9526236E5FA2008B37F1 /* Model */ = {
			isa = PBXGroup;
			children = (
				C2BB9510236E5F14008B37F1 /* CoreData_from_JSON.xcdatamodeld */,
				C2BB9529236E606D008B37F1 /* User+CoreDataClass.swift */,
				C2BB952A236E606D008B37F1 /* User+CoreDataProperties.swift */,
				C2BB9527236E5FC5008B37F1 /* TransferUser.swift */,
				C2BB952D236E6097008B37F1 /* Data.swift */,
			);
			path = Model;
			sourceTree = "<group>";
		};
/* End PBXGroup section */

/* Begin PBXNativeTarget section */
		C2BB9508236E5F14008B37F1 /* CoreData_from_JSON */ = {
			isa = PBXNativeTarget;
			buildConfigurationList = C2BB9520236E5F16008B37F1 /* Build configuration list for PBXNativeTarget "CoreData_from_JSON" */;
			buildPhases = (
				C2BB9505236E5F14008B37F1 /* Sources */,
				C2BB9506236E5F14008B37F1 /* Frameworks */,
				C2BB9507236E5F14008B37F1 /* Resources */,
			);
			buildRules = (
			);
			dependencies = (
			);
			name = CoreData_from_JSON;
			productName = CoreData_from_JSON;
			productReference = C2BB9509236E5F14008B37F1 /* CoreData_from_JSON.app */;
			productType = "com.apple.product-type.application";
		};
/* End PBXNativeTarget section */

/* Begin PBXProject section */
		C2BB9501236E5F14008B37F1 /* Project object */ = {
			isa = PBXProject;
			attributes = {
				LastSwiftUpdateCheck = 1120;
				LastUpgradeCheck = 1120;
				ORGANIZATIONNAME = "Jake Nelson";
				TargetAttributes = {
					C2BB9508236E5F14008B37F1 = {
						CreatedOnToolsVersion = 11.2;
					};
				};
			};
			buildConfigurationList = C2BB9504236E5F14008B37F1 /* Build configuration list for PBXProject "CoreData_from_JSON" */;
			compatibilityVersion = "Xcode 9.3";
			developmentRegion = en;
			hasScannedForEncodings = 0;
			knownRegions = (
				en,
				Base,
			);
			mainGroup = C2BB9500236E5F14008B37F1;
			productRefGroup = C2BB950A236E5F14008B37F1 /* Products */;
			projectDirPath = "";
			projectRoot = "";
			targets = (
				C2BB9508236E5F14008B37F1 /* CoreData_from_JSON */,
			);
		};
/* End PBXProject section */

/* Begin PBXResourcesBuildPhase section */
		C2BB9507236E5F14008B37F1 /* Resources */ = {
			isa = PBXResourcesBuildPhase;
			buildActionMask = 2147483647;
			files = (
				C2BB951C236E5F16008B37F1 /* LaunchScreen.storyboard in Resources */,
				C2BB9525236E5F64008B37F1 /* MOCK_DATA.json in Resources */,
				C2BB9519236E5F16008B37F1 /* Preview Assets.xcassets in Resources */,
				C2BB9516236E5F16008B37F1 /* Assets.xcassets in Resources */,
			);
			runOnlyForDeploymentPostprocessing = 0;
		};
/* End PBXResourcesBuildPhase section */

/* Begin PBXSourcesBuildPhase section */
		C2BB9505236E5F14008B37F1 /* Sources */ = {
			isa = PBXSourcesBuildPhase;
			buildActionMask = 2147483647;
			files = (
				C2BB9528236E5FC5008B37F1 /* TransferUser.swift in Sources */,
				C2BB9512236E5F14008B37F1 /* CoreData_from_JSON.xcdatamodeld in Sources */,
				C2BB952B236E606D008B37F1 /* User+CoreDataClass.swift in Sources */,
				C2BB952C236E606D008B37F1 /* User+CoreDataProperties.swift in Sources */,
				C2BB950D236E5F14008B37F1 /* AppDelegate.swift in Sources */,
				C2BB9514236E5F14008B37F1 /* ContentView.swift in Sources */,
				C2BB950F236E5F14008B37F1 /* SceneDelegate.swift in Sources */,
				C2BB952E236E6097008B37F1 /* Data.swift in Sources */,
			);
			runOnlyForDeploymentPostprocessing = 0;
		};
/* End PBXSourcesBuildPhase section */

/* Begin PBXVariantGroup section */
		C2BB951A236E5F16008B37F1 /* LaunchScreen.storyboard */ = {
			isa = PBXVariantGroup;
			children = (
				C2BB951B236E5F16008B37F1 /* Base */,
			);
			name = LaunchScreen.storyboard;
			sourceTree = "<group>";
		};
/* End PBXVariantGroup section */

/* Begin XCBuildConfiguration section */
		C2BB951E236E5F16008B37F1 /* Debug */ = {
			isa = XCBuildConfiguration;
			buildSettings = {
				ALWAYS_SEARCH_USER_PATHS = NO;
				CLANG_ANALYZER_NONNULL = YES;
				CLANG_ANALYZER_NUMBER_OBJECT_CONVERSION = YES_AGGRESSIVE;
				CLANG_CXX_LANGUAGE_STANDARD = "gnu++14";
				CLANG_CXX_LIBRARY = "libc++";
				CLANG_ENABLE_MODULES = YES;
				CLANG_ENABLE_OBJC_ARC = YES;
				CLANG_ENABLE_OBJC_WEAK = YES;
				CLANG_WARN_BLOCK_CAPTURE_AUTORELEASING = YES;
				CLANG_WARN_BOOL_CONVERSION = YES;
				CLANG_WARN_COMMA = YES;
				CLANG_WARN_CONSTANT_CONVERSION = YES;
				CLANG_WARN_DEPRECATED_OBJC_IMPLEMENTATIONS = YES;
				CLANG_WARN_DIRECT_OBJC_ISA_USAGE = YES_ERROR;
				CLANG_WARN_DOCUMENTATION_COMMENTS = YES;
				CLANG_WARN_EMPTY_BODY = YES;
				CLANG_WARN_ENUM_CONVERSION = YES;
				CLANG_WARN_INFINITE_RECURSION = YES;
				CLANG_WARN_INT_CONVERSION = YES;
				CLANG_WARN_NON_LITERAL_NULL_CONVERSION = YES;
				CLANG_WARN_OBJC_IMPLICIT_RETAIN_SELF = YES;
				CLANG_WARN_OBJC_LITERAL_CONVERSION = YES;
				CLANG_WARN_OBJC_ROOT_CLASS = YES_ERROR;
				CLANG_WARN_RANGE_LOOP_ANALYSIS = YES;
				CLANG_WARN_STRICT_PROTOTYPES = YES;
				CLANG_WARN_SUSPICIOUS_MOVE = YES;
				CLANG_WARN_UNGUARDED_AVAILABILITY = YES_AGGRESSIVE;
				CLANG_WARN_UNREACHABLE_CODE = YES;
				CLANG_WARN__DUPLICATE_METHOD_MATCH = YES;
				COPY_PHASE_STRIP = NO;
				DEBUG_INFORMATION_FORMAT = dwarf;
				ENABLE_STRICT_OBJC_MSGSEND = YES;
				ENABLE_TESTABILITY = YES;
				GCC_C_LANGUAGE_STANDARD = gnu11;
				GCC_DYNAMIC_NO_PIC = NO;
				GCC_NO_COMMON_BLOCKS = YES;
				GCC_OPTIMIZATION_LEVEL = 0;
				GCC_PREPROCESSOR_DEFINITIONS = (
					"DEBUG=1",
					"$(inherited)",
				);
				GCC_WARN_64_TO_32_BIT_CONVERSION = YES;
				GCC_WARN_ABOUT_RETURN_TYPE = YES_ERROR;
				GCC_WARN_UNDECLARED_SELECTOR = YES;
				GCC_WARN_UNINITIALIZED_AUTOS = YES_AGGRESSIVE;
				GCC_WARN_UNUSED_FUNCTION = YES;
				GCC_WARN_UNUSED_VARIABLE = YES;
				IPHONEOS_DEPLOYMENT_TARGET = 13.2;
				MTL_ENABLE_DEBUG_INFO = INCLUDE_SOURCE;
				MTL_FAST_MATH = YES;
				ONLY_ACTIVE_ARCH = YES;
				SDKROOT = iphoneos;
				SWIFT_ACTIVE_COMPILATION_CONDITIONS = DEBUG;
				SWIFT_OPTIMIZATION_LEVEL = "-Onone";
			};
			name = Debug;
		};
		C2BB951F236E5F16008B37F1 /* Release */ = {
			isa = XCBuildConfiguration;
			buildSettings = {
				ALWAYS_SEARCH_USER_PATHS = NO;
				CLANG_ANALYZER_NONNULL = YES;
				CLANG_ANALYZER_NUMBER_OBJECT_CONVERSION = YES_AGGRESSIVE;
				CLANG_CXX_LANGUAGE_STANDARD = "gnu++14";
				CLANG_CXX_LIBRARY = "libc++";
				CLANG_ENABLE_MODULES = YES;
				CLANG_ENABLE_OBJC_ARC = YES;
				CLANG_ENABLE_OBJC_WEAK = YES;
				CLANG_WARN_BLOCK_CAPTURE_AUTORELEASING = YES;
				CLANG_WARN_BOOL_CONVERSION = YES;
				CLANG_WARN_COMMA = YES;
				CLANG_WARN_CONSTANT_CONVERSION = YES;
				CLANG_WARN_DEPRECATED_OBJC_IMPLEMENTATIONS = YES;
				CLANG_WARN_DIRECT_OBJC_ISA_USAGE = YES_ERROR;
				CLANG_WARN_DOCUMENTATION_COMMENTS = YES;
				CLANG_WARN_EMPTY_BODY = YES;
				CLANG_WARN_ENUM_CONVERSION = YES;
				CLANG_WARN_INFINITE_RECURSION = YES;
				CLANG_WARN_INT_CONVERSION = YES;
				CLANG_WARN_NON_LITERAL_NULL_CONVERSION = YES;
				CLANG_WARN_OBJC_IMPLICIT_RETAIN_SELF = YES;
				CLANG_WARN_OBJC_LITERAL_CONVERSION = YES;
				CLANG_WARN_OBJC_ROOT_CLASS = YES_ERROR;
				CLANG_WARN_RANGE_LOOP_ANALYSIS = YES;
				CLANG_WARN_STRICT_PROTOTYPES = YES;
				CLANG_WARN_SUSPICIOUS_MOVE = YES;
				CLANG_WARN_UNGUARDED_AVAILABILITY = YES_AGGRESSIVE;
				CLANG_WARN_UNREACHABLE_CODE = YES;
				CLANG_WARN__DUPLICATE_METHOD_MATCH = YES;
				COPY_PHASE_STRIP = NO;
				DEBUG_INFORMATION_FORMAT = "dwarf-with-dsym";
				ENABLE_NS_ASSERTIONS = NO;
				ENABLE_STRICT_OBJC_MSGSEND = YES;
				GCC_C_LANGUAGE_STANDARD = gnu11;
				GCC_NO_COMMON_BLOCKS = YES;
				GCC_WARN_64_TO_32_BIT_CONVERSION = YES;
				GCC_WARN_ABOUT_RETURN_TYPE = YES_ERROR;
				GCC_WARN_UNDECLARED_SELECTOR = YES;
				GCC_WARN_UNINITIALIZED_AUTOS = YES_AGGRESSIVE;
				GCC_WARN_UNUSED_FUNCTION = YES;
				GCC_WARN_UNUSED_VARIABLE = YES;
				IPHONEOS_DEPLOYMENT_TARGET = 13.2;
				MTL_ENABLE_DEBUG_INFO = NO;
				MTL_FAST_MATH = YES;
				SDKROOT = iphoneos;
				SWIFT_COMPILATION_MODE = wholemodule;
				SWIFT_OPTIMIZATION_LEVEL = "-O";
				VALIDATE_PRODUCT = YES;
			};
			name = Release;
		};
		C2BB9521236E5F16008B37F1 /* Debug */ = {
			isa = XCBuildConfiguration;
			buildSettings = {
				ASSETCATALOG_COMPILER_APPICON_NAME = AppIcon;
				CODE_SIGN_STYLE = Automatic;
				DEVELOPMENT_ASSET_PATHS = "\"CoreData_from_JSON/Preview Content\"";
				DEVELOPMENT_TEAM = FL3R79336R;
				ENABLE_PREVIEWS = YES;
				INFOPLIST_FILE = CoreData_from_JSON/Info.plist;
				LD_RUNPATH_SEARCH_PATHS = (
					"$(inherited)",
					"@executable_path/Frameworks",
				);
				PRODUCT_BUNDLE_IDENTIFIER = "com.jknlsn.CoreData-from-JSON";
				PRODUCT_NAME = "$(TARGET_NAME)";
				SWIFT_VERSION = 5.0;
				TARGETED_DEVICE_FAMILY = "1,2";
			};
			name = Debug;
		};
		C2BB9522236E5F16008B37F1 /* Release */ = {
			isa = XCBuildConfiguration;
			buildSettings = {
				ASSETCATALOG_COMPILER_APPICON_NAME = AppIcon;
				CODE_SIGN_STYLE = Automatic;
				DEVELOPMENT_ASSET_PATHS = "\"CoreData_from_JSON/Preview Content\"";
				DEVELOPMENT_TEAM = FL3R79336R;
				ENABLE_PREVIEWS = YES;
				INFOPLIST_FILE = CoreData_from_JSON/Info.plist;
				LD_RUNPATH_SEARCH_PATHS = (
					"$(inherited)",
					"@executable_path/Frameworks",
				);
				PRODUCT_BUNDLE_IDENTIFIER = "com.jknlsn.CoreData-from-JSON";
				PRODUCT_NAME = "$(TARGET_NAME)";
				SWIFT_VERSION = 5.0;
				TARGETED_DEVICE_FAMILY = "1,2";
			};
			name = Release;
		};
/* End XCBuildConfiguration section */

/* Begin XCConfigurationList section */
		C2BB9504236E5F14008B37F1 /* Build configuration list for PBXProject "CoreData_from_JSON" */ = {
			isa = XCConfigurationList;
			buildConfigurations = (
				C2BB951E236E5F16008B37F1 /* Debug */,
				C2BB951F236E5F16008B37F1 /* Release */,
			);
			defaultConfigurationIsVisible = 0;
			defaultConfigurationName = Release;
		};
		C2BB9520236E5F16008B37F1 /* Build configuration list for PBXNativeTarget "CoreData_from_JSON" */ = {
			isa = XCConfigurationList;
			buildConfigurations = (
				C2BB9521236E5F16008B37F1 /* Debug */,
				C2BB9522236E5F16008B37F1 /* Release */,
			);
			defaultConfigurationIsVisible = 0;
			defaultConfigurationName = Release;
		};
/* End XCConfigurationList section */

/* Begin XCVersionGroup section */
		C2BB9510236E5F14008B37F1 /* CoreData_from_JSON.xcdatamodeld */ = {
			isa = XCVersionGroup;
			children = (
				C2BB9511236E5F14008B37F1 /* CoreData_from_JSON.xcdatamodel */,
			);
			currentVersion = C2BB9511236E5F14008B37F1 /* CoreData_from_JSON.xcdatamodel */;
			path = CoreData_from_JSON.xcdatamodeld;
			sourceTree = "<group>";
			versionGroupType = wrapper.xcdatamodel;
		};
/* End XCVersionGroup section */
	};
	rootObject = C2BB9501236E5F14008B37F1 /* Project object */;
}
